
Microsoft Visual Studio Solution File, Format Version 12.00
# Visual Studio Version 17
VisualStudioVersion = 17.9.34723.18
MinimumVisualStudioVersion = 10.0.40219.1
Project("{9A19103F-16F7-4668-BE54-9A1E7A4F7556}") = "BulkyWeb", "BulkyWeb\BulkyWeb.csproj", "{7BA5CBDC-231B-49DD-BC3B-43C8C6406435}"
EndProject
Project("{FAE04EC0-301F-11D3-BF4B-00C04F79EFBC}") = "Bulky.DataAccess", "Bulky.DataAccess\Bulky.DataAccess.csproj", "{40E37D7C-6A7B-4C9F-B297-2B7937693AC8}"
EndProject
Project("{FAE04EC0-301F-11D3-BF4B-00C04F79EFBC}") = "Bulky.Models", "Bulky.Models\Bulky.Models.csproj", "{9EEB0836-F7F2-4F02-BE64-CD10680A71B4}"
EndProject
Project("{FAE04EC0-301F-11D3-BF4B-00C04F79EFBC}") = "Bulky.Utility", "Bulky.Utility\Bulky.Utility.csproj", "{672F6962-D4FB-4ACF-B080-58776285AC1E}"
EndProject
Global
	GlobalSection(SolutionConfigurationPlatforms) = preSolution
		Debug|Any CPU = Debug|Any CPU
		Release|Any CPU = Release|Any CPU
	EndGlobalSection
	GlobalSection(ProjectConfigurationPlatforms) = postSolution
		{7BA5CBDC-231B-49DD-BC3B-43C8C6406435}.Debug|Any CPU.ActiveCfg = Debug|Any CPU
		{7BA5CBDC-231B-49DD-BC3B-43C8C6406435}.Debug|Any CPU.Build.0 = Debug|Any CPU
		{7BA5CBDC-231B-49DD-BC3B-43C8C6406435}.Release|Any CPU.ActiveCfg = Release|Any CPU
		{7BA5CBDC-231B-49DD-BC3B-43C8C6406435}.Release|Any CPU.Build.0 = Release|Any CPU
		{40E37D7C-6A7B-4C9F-B297-2B7937693AC8}.Debug|Any CPU.ActiveCfg = Debug|Any CPU
		{40E37D7C-6A7B-4C9F-B297-2B7937693AC8}.Debug|Any CPU.Build.0 = Debug|Any CPU
		{40E37D7C-6A7B-4C9F-B297-2B7937693AC8}.Release|Any CPU.ActiveCfg = Release|Any CPU
		{40E37D7C-6A7B-4C9F-B297-2B7937693AC8}.Release|Any CPU.Build.0 = Release|Any CPU
		{9EEB0836-F7F2-4F02-BE64-CD10680A71B4}.Debug|Any CPU.ActiveCfg = Debug|Any CPU
		{9EEB0836-F7F2-4F02-BE64-CD10680A71B4}.Debug|Any CPU.Build.0 = Debug|Any CPU
		{9EEB0836-F7F2-4F02-BE64-CD10680A71B4}.Release|Any CPU.ActiveCfg = Release|Any CPU
		{9EEB0836-F7F2-4F02-BE64-CD10680A71B4}.Release|Any CPU.Build.0 = Release|Any CPU
		{672F6962-D4FB-4ACF-B080-58776285AC1E}.Debug|Any CPU.ActiveCfg = Debug|Any CPU
		{672F6962-D4FB-4ACF-B080-58776285AC1E}.Debug|Any CPU.Build.0 = Debug|Any CPU
		{672F6962-D4FB-4ACF-B080-58776285AC1E}.Release|Any CPU.ActiveCfg = Release|Any CPU
		{672F6962-D4FB-4ACF-B080-58776285AC1E}.Release|Any CPU.Build.0 = Release|Any CPU
	EndGlobalSection
	GlobalSection(SolutionProperties) = preSolution
		HideSolutionNode = FALSE
	EndGlobalSection
	GlobalSection(ExtensibilityGlobals) = postSolution
		SolutionGuid = {BB9DB8B4-1EF0-47C2-A55A-4AC57F3F06A7}
	EndGlobalSection
EndGlobal
